
Microsoft Visual Studio Solution File, Format Version 12.00
# Visual Studio Version 16
VisualStudioVersion = 16.0.30907.101
MinimumVisualStudioVersion = 10.0.40219.1
Project("{FAE04EC0-301F-11D3-BF4B-00C04F79EFBC}") = "CustList", "CustList\CustList.csproj", "{154BC33D-AE8B-47C4-9E65-E30EEE5E150A}"
EndProject
Project("{FAE04EC0-301F-11D3-BF4B-00C04F79EFBC}") = "CustListTest", "CustListTest\CustListTest.csproj", "{4445B8E2-24EF-4B1D-A41C-C06994C60DE5}"
EndProject
Global
	GlobalSection(SolutionConfigurationPlatforms) = preSolution
		Debug|Any CPU = Debug|Any CPU
		Release|Any CPU = Release|Any CPU
	EndGlobalSection
	GlobalSection(ProjectConfigurationPlatforms) = postSolution
		{154BC33D-AE8B-47C4-9E65-E30EEE5E150A}.Debug|Any CPU.ActiveCfg = Debug|Any CPU
		{154BC33D-AE8B-47C4-9E65-E30EEE5E150A}.Debug|Any CPU.Build.0 = Debug|Any CPU
		{154BC33D-AE8B-47C4-9E65-E30EEE5E150A}.Release|Any CPU.ActiveCfg = Release|Any CPU
		{154BC33D-AE8B-47C4-9E65-E30EEE5E150A}.Release|Any CPU.Build.0 = Release|Any CPU
		{4445B8E2-24EF-4B1D-A41C-C06994C60DE5}.Debug|Any CPU.ActiveCfg = Debug|Any CPU
		{4445B8E2-24EF-4B1D-A41C-C06994C60DE5}.Debug|Any CPU.Build.0 = Debug|Any CPU
		{4445B8E2-24EF-4B1D-A41C-C06994C60DE5}.Release|Any CPU.ActiveCfg = Release|Any CPU
		{4445B8E2-24EF-4B1D-A41C-C06994C60DE5}.Release|Any CPU.Build.0 = Release|Any CPU
	EndGlobalSection
	GlobalSection(SolutionProperties) = preSolution
		HideSolutionNode = FALSE
	EndGlobalSection
	GlobalSection(ExtensibilityGlobals) = postSolution
		SolutionGuid = {DE2EBEB5-6BDF-414A-B9CE-CE57252FC8CB}
	EndGlobalSection
EndGlobal
